{
  "version": 1,
  "dependencies": {
    "net9.0-windows8.0": {
      "DalamudPackager": {
        "type": "Direct",
        "requested": "[13.0.0, )",
        "resolved": "13.0.0",
        "contentHash": "Mb3cUDSK/vDPQ8gQIeuCw03EMYrej1B4J44a1AvIJ9C759p9XeqdU9Hg4WgOmlnlPe0G7ILTD32PKSUpkQNa8w=="
      },
      "ECommons": {
        "type": "Direct",
        "requested": "[3.0.1.5, )",
        "resolved": "3.0.1.5",
        "contentHash": "dUbgHV16y3nq/PgEg244IpBAuP0FQfrBFyrlNDfSkeNrB7Ze7WqOneGP+Nuorr1hLv0p2E2nyrNvFp8mJuKDWQ=="
      }
    }
  }
}